
Microsoft Visual Studio Solution File, Format Version 12.00
# Visual Studio Version 17
VisualStudioVersion = 17.1.32421.90
MinimumVisualStudioVersion = 10.0.40219.1
Project("{FAE04EC0-301F-11D3-BF4B-00C04F79EFBC}") = "Look4MeAPI", "Look4MeAPI\Look4MeAPI.csproj", "{2010C072-CA76-4938-9E71-670C490BC21E}"
EndProject
Global
	GlobalSection(SolutionConfigurationPlatforms) = preSolution
		Debug|Any CPU = Debug|Any CPU
		Release|Any CPU = Release|Any CPU
	EndGlobalSection
	GlobalSection(ProjectConfigurationPlatforms) = postSolution
		{2010C072-CA76-4938-9E71-670C490BC21E}.Debug|Any CPU.ActiveCfg = Debug|Any CPU
		{2010C072-CA76-4938-9E71-670C490BC21E}.Debug|Any CPU.Build.0 = Debug|Any CPU
		{2010C072-CA76-4938-9E71-670C490BC21E}.Release|Any CPU.ActiveCfg = Release|Any CPU
		{2010C072-CA76-4938-9E71-670C490BC21E}.Release|Any CPU.Build.0 = Release|Any CPU
	EndGlobalSection
	GlobalSection(SolutionProperties) = preSolution
		HideSolutionNode = FALSE
	EndGlobalSection
	GlobalSection(ExtensibilityGlobals) = postSolution
		SolutionGuid = {D3B14A3F-1550-476F-B743-18846729A5D9}
	EndGlobalSection
EndGlobal
